
Microsoft Visual Studio Solution File, Format Version 12.00
Project("{FAE04EC0-301F-11D3-BF4B-00C04F79EFBC}") = "CsharpQuiz", "CsharpQuiz\CsharpQuiz.csproj", "{F84C540E-8F9F-451A-9C97-83F71AE8B6F6}"
EndProject
Global
	GlobalSection(SolutionConfigurationPlatforms) = preSolution
		Debug|Any CPU = Debug|Any CPU
		Release|Any CPU = Release|Any CPU
	EndGlobalSection
	GlobalSection(ProjectConfigurationPlatforms) = postSolution
		{F84C540E-8F9F-451A-9C97-83F71AE8B6F6}.Debug|Any CPU.ActiveCfg = Debug|Any CPU
		{F84C540E-8F9F-451A-9C97-83F71AE8B6F6}.Debug|Any CPU.Build.0 = Debug|Any CPU
		{F84C540E-8F9F-451A-9C97-83F71AE8B6F6}.Release|Any CPU.ActiveCfg = Release|Any CPU
		{F84C540E-8F9F-451A-9C97-83F71AE8B6F6}.Release|Any CPU.Build.0 = Release|Any CPU
	EndGlobalSection
EndGlobal
